
Microsoft Visual Studio Solution File, Format Version 12.00
# Visual Studio Version 17
VisualStudioVersion = 17.4.33213.308
MinimumVisualStudioVersion = 10.0.40219.1
Project("{9A19103F-16F7-4668-BE54-9A1E7A4F7556}") = "paint", "paint\paint.csproj", "{9867F187-E9EB-47B1-9241-EC4428F68BAA}"
EndProject
Project("{9A19103F-16F7-4668-BE54-9A1E7A4F7556}") = "Contract", "Contract\Contract.csproj", "{185DFD99-B5BA-475B-A738-25A907C9FF75}"
EndProject
Project("{9A19103F-16F7-4668-BE54-9A1E7A4F7556}") = "Line2D", "Line2D\Line2D.csproj", "{E5EED18C-9928-4A7D-A6D7-24C91A43CA2F}"
EndProject
Project("{9A19103F-16F7-4668-BE54-9A1E7A4F7556}") = "Rectangle2D", "Rectangle2D\Rectangle2D.csproj", "{49DDA52A-39BB-46F9-B40D-EA8B52569FFE}"
EndProject
Project("{FAE04EC0-301F-11D3-BF4B-00C04F79EFBC}") = "Ellipse2D", "Ellipse2D\Ellipse2D.csproj", "{2390CAA0-45E7-4C3F-AEB5-6180A214955E}"
EndProject
Global
	GlobalSection(SolutionConfigurationPlatforms) = preSolution
		Debug|Any CPU = Debug|Any CPU
		Release|Any CPU = Release|Any CPU
	EndGlobalSection
	GlobalSection(ProjectConfigurationPlatforms) = postSolution
		{9867F187-E9EB-47B1-9241-EC4428F68BAA}.Debug|Any CPU.ActiveCfg = Debug|Any CPU
		{9867F187-E9EB-47B1-9241-EC4428F68BAA}.Debug|Any CPU.Build.0 = Debug|Any CPU
		{9867F187-E9EB-47B1-9241-EC4428F68BAA}.Release|Any CPU.ActiveCfg = Release|Any CPU
		{9867F187-E9EB-47B1-9241-EC4428F68BAA}.Release|Any CPU.Build.0 = Release|Any CPU
		{185DFD99-B5BA-475B-A738-25A907C9FF75}.Debug|Any CPU.ActiveCfg = Debug|Any CPU
		{185DFD99-B5BA-475B-A738-25A907C9FF75}.Debug|Any CPU.Build.0 = Debug|Any CPU
		{185DFD99-B5BA-475B-A738-25A907C9FF75}.Release|Any CPU.ActiveCfg = Release|Any CPU
		{185DFD99-B5BA-475B-A738-25A907C9FF75}.Release|Any CPU.Build.0 = Release|Any CPU
		{E5EED18C-9928-4A7D-A6D7-24C91A43CA2F}.Debug|Any CPU.ActiveCfg = Debug|Any CPU
		{E5EED18C-9928-4A7D-A6D7-24C91A43CA2F}.Debug|Any CPU.Build.0 = Debug|Any CPU
		{E5EED18C-9928-4A7D-A6D7-24C91A43CA2F}.Release|Any CPU.ActiveCfg = Release|Any CPU
		{E5EED18C-9928-4A7D-A6D7-24C91A43CA2F}.Release|Any CPU.Build.0 = Release|Any CPU
		{49DDA52A-39BB-46F9-B40D-EA8B52569FFE}.Debug|Any CPU.ActiveCfg = Debug|Any CPU
		{49DDA52A-39BB-46F9-B40D-EA8B52569FFE}.Debug|Any CPU.Build.0 = Debug|Any CPU
		{49DDA52A-39BB-46F9-B40D-EA8B52569FFE}.Release|Any CPU.ActiveCfg = Release|Any CPU
		{49DDA52A-39BB-46F9-B40D-EA8B52569FFE}.Release|Any CPU.Build.0 = Release|Any CPU
		{2390CAA0-45E7-4C3F-AEB5-6180A214955E}.Debug|Any CPU.ActiveCfg = Debug|Any CPU
		{2390CAA0-45E7-4C3F-AEB5-6180A214955E}.Debug|Any CPU.Build.0 = Debug|Any CPU
		{2390CAA0-45E7-4C3F-AEB5-6180A214955E}.Release|Any CPU.ActiveCfg = Release|Any CPU
		{2390CAA0-45E7-4C3F-AEB5-6180A214955E}.Release|Any CPU.Build.0 = Release|Any CPU
	EndGlobalSection
	GlobalSection(SolutionProperties) = preSolution
		HideSolutionNode = FALSE
	EndGlobalSection
	GlobalSection(ExtensibilityGlobals) = postSolution
		SolutionGuid = {8A5D0186-1DC7-483E-9C36-54704120CCD1}
	EndGlobalSection
EndGlobal
